// !$*UTF8*$!
{
	archiveVersion = 1;
	classes = {
	};
	objectVersion = 46;
	objects = {

/* Begin PBXBuildFile section */
		52AD99FC19C6CE650069DDD9 /* AppDelegate.m in Sources */ = {isa = PBXBuildFile; fileRef = 52AD99ED19C6CE650069DDD9 /* AppDelegate.m */; };
		52AD99FD19C6CE650069DDD9 /* LaunchScreen.xib in Resources */ = {isa = PBXBuildFile; fileRef = 52AD99EE19C6CE650069DDD9 /* LaunchScreen.xib */; };
		52AD99FE19C6CE650069DDD9 /* Main.storyboard in Resources */ = {isa = PBXBuildFile; fileRef = 52AD99F019C6CE650069DDD9 /* Main.storyboard */; };
		52AD9A0119C6CE650069DDD9 /* Images.xcassets in Resources */ = {isa = PBXBuildFile; fileRef = 52AD99F719C6CE650069DDD9 /* Images.xcassets */; };
		52AD9A0219C6CE650069DDD9 /* Info.plist in Resources */ = {isa = PBXBuildFile; fileRef = 52AD99F819C6CE650069DDD9 /* Info.plist */; };
		52AD9A0319C6CE650069DDD9 /* main.m in Sources */ = {isa = PBXBuildFile; fileRef = 52AD99F919C6CE650069DDD9 /* main.m */; };
		52AD9A0419C6CE650069DDD9 /* ViewController.m in Sources */ = {isa = PBXBuildFile; fileRef = 52AD99FB19C6CE650069DDD9 /* ViewController.m */; };
		52AD9A0A19C6CE870069DDD9 /* NDSegmentedControl.m in Sources */ = {isa = PBXBuildFile; fileRef = 52AD9A0719C6CE870069DDD9 /* NDSegmentedControl.m */; };
		52AD9A0B19C6CE870069DDD9 /* NDSegmentedControlItemView.m in Sources */ = {isa = PBXBuildFile; fileRef = 52AD9A0919C6CE870069DDD9 /* NDSegmentedControlItemView.m */; };
/* End PBXBuildFile section */

/* Begin PBXFileReference section */
		52AD99BB19C6C5DB0069DDD9 /* NDSegmentedControlSample.app */ = {isa = PBXFileReference; explicitFileType = wrapper.application; includeInIndex = 0; path = NDSegmentedControlSample.app; sourceTree = BUILT_PRODUCTS_DIR; };
		52AD99EC19C6CE650069DDD9 /* AppDelegate.h */ = {isa = PBXFileReference; fileEncoding = 4; lastKnownFileType = sourcecode.c.h; path = AppDelegate.h; sourceTree = "<group>"; };
		52AD99ED19C6CE650069DDD9 /* AppDelegate.m */ = {isa = PBXFileReference; fileEncoding = 4; lastKnownFileType = sourcecode.c.objc; path = AppDelegate.m; sourceTree = "<group>"; };
		52AD99EF19C6CE650069DDD9 /* Base */ = {isa = PBXFileReference; lastKnownFileType = file.xib; name = Base; path = Base.lproj/LaunchScreen.xib; sourceTree = "<group>"; };
		52AD99F119C6CE650069DDD9 /* Base */ = {isa = PBXFileReference; lastKnownFileType = file.storyboard; name = Base; path = Base.lproj/Main.storyboard; sourceTree = "<group>"; };
		52AD99F719C6CE650069DDD9 /* Images.xcassets */ = {isa = PBXFileReference; lastKnownFileType = folder.assetcatalog; path = Images.xcassets; sourceTree = "<group>"; };
		52AD99F819C6CE650069DDD9 /* Info.plist */ = {isa = PBXFileReference; fileEncoding = 4; lastKnownFileType = text.plist.xml; path = Info.plist; sourceTree = "<group>"; };
		52AD99F919C6CE650069DDD9 /* main.m */ = {isa = PBXFileReference; fileEncoding = 4; lastKnownFileType = sourcecode.c.objc; path = main.m; sourceTree = "<group>"; };
		52AD99FA19C6CE650069DDD9 /* ViewController.h */ = {isa = PBXFileReference; fileEncoding = 4; lastKnownFileType = sourcecode.c.h; path = ViewController.h; sourceTree = "<group>"; };
		52AD99FB19C6CE650069DDD9 /* ViewController.m */ = {isa = PBXFileReference; fileEncoding = 4; lastKnownFileType = sourcecode.c.objc; path = ViewController.m; sourceTree = "<group>"; };
		52AD9A0619C6CE870069DDD9 /* NDSegmentedControl.h */ = {isa = PBXFileReference; fileEncoding = 4; lastKnownFileType = sourcecode.c.h; path = NDSegmentedControl.h; sourceTree = "<group>"; };
		52AD9A0719C6CE870069DDD9 /* NDSegmentedControl.m */ = {isa = PBXFileReference; fileEncoding = 4; lastKnownFileType = sourcecode.c.objc; path = NDSegmentedControl.m; sourceTree = "<group>"; };
		52AD9A0819C6CE870069DDD9 /* NDSegmentedControlItemView.h */ = {isa = PBXFileReference; fileEncoding = 4; lastKnownFileType = sourcecode.c.h; path = NDSegmentedControlItemView.h; sourceTree = "<group>"; };
		52AD9A0919C6CE870069DDD9 /* NDSegmentedControlItemView.m */ = {isa = PBXFileReference; fileEncoding = 4; lastKnownFileType = sourcecode.c.objc; path = NDSegmentedControlItemView.m; sourceTree = "<group>"; };
/* End PBXFileReference section */

/* Begin PBXFrameworksBuildPhase section */
		52AD99B819C6C5DB0069DDD9 /* Frameworks */ = {
			isa = PBXFrameworksBuildPhase;
			buildActionMask = 2147483647;
			files = (
			);
			runOnlyForDeploymentPostprocessing = 0;
		};
/* End PBXFrameworksBuildPhase section */

/* Begin PBXGroup section */
		52AD99B219C6C5DB0069DDD9 = {
			isa = PBXGroup;
			children = (
				52AD9A0519C6CE870069DDD9 /* NDSegmentedControl */,
				52AD99EB19C6CE650069DDD9 /* NDSegmentedControlSample */,
				52AD99BC19C6C5DB0069DDD9 /* Products */,
			);
			sourceTree = "<group>";
		};
		52AD99BC19C6C5DB0069DDD9 /* Products */ = {
			isa = PBXGroup;
			children = (
				52AD99BB19C6C5DB0069DDD9 /* NDSegmentedControlSample.app */,
			);
			name = Products;
			sourceTree = "<group>";
		};
		52AD99EB19C6CE650069DDD9 /* NDSegmentedControlSample */ = {
			isa = PBXGroup;
			children = (
				52AD99EC19C6CE650069DDD9 /* AppDelegate.h */,
				52AD99ED19C6CE650069DDD9 /* AppDelegate.m */,
				52AD99EE19C6CE650069DDD9 /* LaunchScreen.xib */,
				52AD99F019C6CE650069DDD9 /* Main.storyboard */,
				52AD99F719C6CE650069DDD9 /* Images.xcassets */,
				52AD99F819C6CE650069DDD9 /* Info.plist */,
				52AD99F919C6CE650069DDD9 /* main.m */,
				52AD99FA19C6CE650069DDD9 /* ViewController.h */,
				52AD99FB19C6CE650069DDD9 /* ViewController.m */,
			);
			path = NDSegmentedControlSample;
			sourceTree = "<group>";
		};
		52AD9A0519C6CE870069DDD9 /* NDSegmentedControl */ = {
			isa = PBXGroup;
			children = (
				52AD9A0619C6CE870069DDD9 /* NDSegmentedControl.h */,
				52AD9A0719C6CE870069DDD9 /* NDSegmentedControl.m */,
				52AD9A0819C6CE870069DDD9 /* NDSegmentedControlItemView.h */,
				52AD9A0919C6CE870069DDD9 /* NDSegmentedControlItemView.m */,
			);
			path = NDSegmentedControl;
			sourceTree = "<group>";
		};
/* End PBXGroup section */

/* Begin PBXNativeTarget section */
		52AD99BA19C6C5DB0069DDD9 /* NDSegmentedControlSample */ = {
			isa = PBXNativeTarget;
			buildConfigurationList = 52AD99DE19C6C5DB0069DDD9 /* Build configuration list for PBXNativeTarget "NDSegmentedControlSample" */;
			buildPhases = (
				52AD99B719C6C5DB0069DDD9 /* Sources */,
				52AD99B819C6C5DB0069DDD9 /* Frameworks */,
				52AD99B919C6C5DB0069DDD9 /* Resources */,
			);
			buildRules = (
			);
			dependencies = (
			);
			name = NDSegmentedControlSample;
			productName = NDSegmentedControl;
			productReference = 52AD99BB19C6C5DB0069DDD9 /* NDSegmentedControlSample.app */;
			productType = "com.apple.product-type.application";
		};
/* End PBXNativeTarget section */

/* Begin PBXProject section */
		52AD99B319C6C5DB0069DDD9 /* Project object */ = {
			isa = PBXProject;
			attributes = {
				LastUpgradeCheck = 0600;
				ORGANIZATIONNAME = MO2O;
				TargetAttributes = {
					52AD99BA19C6C5DB0069DDD9 = {
						CreatedOnToolsVersion = 6.0;
					};
				};
			};
			buildConfigurationList = 52AD99B619C6C5DB0069DDD9 /* Build configuration list for PBXProject "NDSegmentedControlSample" */;
			compatibilityVersion = "Xcode 3.2";
			developmentRegion = English;
			hasScannedForEncodings = 0;
			knownRegions = (
				en,
				Base,
			);
			mainGroup = 52AD99B219C6C5DB0069DDD9;
			productRefGroup = 52AD99BC19C6C5DB0069DDD9 /* Products */;
			projectDirPath = "";
			projectRoot = "";
			targets = (
				52AD99BA19C6C5DB0069DDD9 /* NDSegmentedControlSample */,
			);
		};
/* End PBXProject section */

/* Begin PBXResourcesBuildPhase section */
		52AD99B919C6C5DB0069DDD9 /* Resources */ = {
			isa = PBXResourcesBuildPhase;
			buildActionMask = 2147483647;
			files = (
				52AD9A0219C6CE650069DDD9 /* Info.plist in Resources */,
				52AD9A0119C6CE650069DDD9 /* Images.xcassets in Resources */,
				52AD99FD19C6CE650069DDD9 /* LaunchScreen.xib in Resources */,
				52AD99FE19C6CE650069DDD9 /* Main.storyboard in Resources */,
			);
			runOnlyForDeploymentPostprocessing = 0;
		};
/* End PBXResourcesBuildPhase section */

/* Begin PBXSourcesBuildPhase section */
		52AD99B719C6C5DB0069DDD9 /* Sources */ = {
			isa = PBXSourcesBuildPhase;
			buildActionMask = 2147483647;
			files = (
				52AD9A0419C6CE650069DDD9 /* ViewController.m in Sources */,
				52AD9A0A19C6CE870069DDD9 /* NDSegmentedControl.m in Sources */,
				52AD9A0B19C6CE870069DDD9 /* NDSegmentedControlItemView.m in Sources */,
				52AD9A0319C6CE650069DDD9 /* main.m in Sources */,
				52AD99FC19C6CE650069DDD9 /* AppDelegate.m in Sources */,
			);
			runOnlyForDeploymentPostprocessing = 0;
		};
/* End PBXSourcesBuildPhase section */

/* Begin PBXVariantGroup section */
		52AD99EE19C6CE650069DDD9 /* LaunchScreen.xib */ = {
			isa = PBXVariantGroup;
			children = (
				52AD99EF19C6CE650069DDD9 /* Base */,
			);
			name = LaunchScreen.xib;
			sourceTree = "<group>";
		};
		52AD99F019C6CE650069DDD9 /* Main.storyboard */ = {
			isa = PBXVariantGroup;
			children = (
				52AD99F119C6CE650069DDD9 /* Base */,
			);
			name = Main.storyboard;
			sourceTree = "<group>";
		};
/* End PBXVariantGroup section */

/* Begin XCBuildConfiguration section */
		52AD99DC19C6C5DB0069DDD9 /* Debug */ = {
			isa = XCBuildConfiguration;
			buildSettings = {
				ALWAYS_SEARCH_USER_PATHS = NO;
				CLANG_CXX_LANGUAGE_STANDARD = "gnu++0x";
				CLANG_CXX_LIBRARY = "libc++";
				CLANG_ENABLE_MODULES = YES;
				CLANG_ENABLE_OBJC_ARC = YES;
				CLANG_WARN_BOOL_CONVERSION = YES;
				CLANG_WARN_CONSTANT_CONVERSION = YES;
				CLANG_WARN_DIRECT_OBJC_ISA_USAGE = YES_ERROR;
				CLANG_WARN_EMPTY_BODY = YES;
				CLANG_WARN_ENUM_CONVERSION = YES;
				CLANG_WARN_INT_CONVERSION = YES;
				CLANG_WARN_OBJC_ROOT_CLASS = YES_ERROR;
				CLANG_WARN_UNREACHABLE_CODE = YES;
				CLANG_WARN__DUPLICATE_METHOD_MATCH = YES;
				"CODE_SIGN_IDENTITY[sdk=iphoneos*]" = "iPhone Developer";
				COPY_PHASE_STRIP = NO;
				ENABLE_STRICT_OBJC_MSGSEND = YES;
				GCC_C_LANGUAGE_STANDARD = gnu99;
				GCC_DYNAMIC_NO_PIC = NO;
				GCC_OPTIMIZATION_LEVEL = 0;
				GCC_PREPROCESSOR_DEFINITIONS = (
					"DEBUG=1",
					"$(inherited)",
				);
				GCC_SYMBOLS_PRIVATE_EXTERN = NO;
				GCC_WARN_64_TO_32_BIT_CONVERSION = YES;
				GCC_WARN_ABOUT_RETURN_TYPE = YES_ERROR;
				GCC_WARN_UNDECLARED_SELECTOR = YES;
				GCC_WARN_UNINITIALIZED_AUTOS = YES_AGGRESSIVE;
				GCC_WARN_UNUSED_FUNCTION = YES;
				GCC_WARN_UNUSED_VARIABLE = YES;
				IPHONEOS_DEPLOYMENT_TARGET = 7.0;
				MTL_ENABLE_DEBUG_INFO = YES;
				ONLY_ACTIVE_ARCH = YES;
				SDKROOT = iphoneos;
			};
			name = Debug;
		};
		52AD99DD19C6C5DB0069DDD9 /* Release */ = {
			isa = XCBuildConfiguration;
			buildSettings = {
				ALWAYS_SEARCH_USER_PATHS = NO;
				CLANG_CXX_LANGUAGE_STANDARD = "gnu++0x";
				CLANG_CXX_LIBRARY = "libc++";
				CLANG_ENABLE_MODULES = YES;
				CLANG_ENABLE_OBJC_ARC = YES;
				CLANG_WARN_BOOL_CONVERSION = YES;
				CLANG_WARN_CONSTANT_CONVERSION = YES;
				CLANG_WARN_DIRECT_OBJC_ISA_USAGE = YES_ERROR;
				CLANG_WARN_EMPTY_BODY = YES;
				CLANG_WARN_ENUM_CONVERSION = YES;
				CLANG_WARN_INT_CONVERSION = YES;
				CLANG_WARN_OBJC_ROOT_CLASS = YES_ERROR;
				CLANG_WARN_UNREACHABLE_CODE = YES;
				CLANG_WARN__DUPLICATE_METHOD_MATCH = YES;
				"CODE_SIGN_IDENTITY[sdk=iphoneos*]" = "iPhone Developer";
				COPY_PHASE_STRIP = YES;
				ENABLE_NS_ASSERTIONS = NO;
				ENABLE_STRICT_OBJC_MSGSEND = YES;
				GCC_C_LANGUAGE_STANDARD = gnu99;
				GCC_WARN_64_TO_32_BIT_CONVERSION = YES;
				GCC_WARN_ABOUT_RETURN_TYPE = YES_ERROR;
				GCC_WARN_UNDECLARED_SELECTOR = YES;
				GCC_WARN_UNINITIALIZED_AUTOS = YES_AGGRESSIVE;
				GCC_WARN_UNUSED_FUNCTION = YES;
				GCC_WARN_UNUSED_VARIABLE = YES;
				IPHONEOS_DEPLOYMENT_TARGET = 7.0;
				MTL_ENABLE_DEBUG_INFO = NO;
				SDKROOT = iphoneos;
				VALIDATE_PRODUCT = YES;
			};
			name = Release;
		};
		52AD99DF19C6C5DB0069DDD9 /* Debug */ = {
			isa = XCBuildConfiguration;
			buildSettings = {
				ASSETCATALOG_COMPILER_APPICON_NAME = AppIcon;
				INFOPLIST_FILE = NDSegmentedControlSample/Info.plist;
				IPHONEOS_DEPLOYMENT_TARGET = 7.0;
				LD_RUNPATH_SEARCH_PATHS = "$(inherited) @executable_path/Frameworks";
				PRODUCT_NAME = NDSegmentedControlSample;
			};
			name = Debug;
		};
		52AD99E019C6C5DB0069DDD9 /* Release */ = {
			isa = XCBuildConfiguration;
			buildSettings = {
				ASSETCATALOG_COMPILER_APPICON_NAME = AppIcon;
				INFOPLIST_FILE = NDSegmentedControlSample/Info.plist;
				IPHONEOS_DEPLOYMENT_TARGET = 7.0;
				LD_RUNPATH_SEARCH_PATHS = "$(inherited) @executable_path/Frameworks";
				PRODUCT_NAME = NDSegmentedControlSample;
			};
			name = Release;
		};
/* End XCBuildConfiguration section */

/* Begin XCConfigurationList section */
		52AD99B619C6C5DB0069DDD9 /* Build configuration list for PBXProject "NDSegmentedControlSample" */ = {
			isa = XCConfigurationList;
			buildConfigurations = (
				52AD99DC19C6C5DB0069DDD9 /* Debug */,
				52AD99DD19C6C5DB0069DDD9 /* Release */,
			);
			defaultConfigurationIsVisible = 0;
			defaultConfigurationName = Release;
		};
		52AD99DE19C6C5DB0069DDD9 /* Build configuration list for PBXNativeTarget "NDSegmentedControlSample" */ = {
			isa = XCConfigurationList;
			buildConfigurations = (
				52AD99DF19C6C5DB0069DDD9 /* Debug */,
				52AD99E019C6C5DB0069DDD9 /* Release */,
			);
			defaultConfigurationIsVisible = 0;
			defaultConfigurationName = Release;
		};
/* End XCConfigurationList section */
	};
	rootObject = 52AD99B319C6C5DB0069DDD9 /* Project object */;
}
